
Microsoft Visual Studio Solution File, Format Version 12.00
# Visual Studio Version 17
VisualStudioVersion = 17.10.35027.167
MinimumVisualStudioVersion = 10.0.40219.1
Project("{FAE04EC0-301F-11D3-BF4B-00C04F79EFBC}") = "Grid_PostgreSQL_Custom.Server", "Grid_PostgreSQL_Custom.Server\Grid_PostgreSQL_Custom.Server.csproj", "{50471126-F007-4CB9-81C4-91B9FA0A9746}"
EndProject
Project("{54A90642-561A-4BB1-A94E-469ADEE60C69}") = "grid_postgresql_custom.client", "grid_postgresql_custom.client\grid_postgresql_custom.client.esproj", "{013AE25C-D550-4A60-A4C2-6CE7760F50B5}"
EndProject
Global
	GlobalSection(SolutionConfigurationPlatforms) = preSolution
		Debug|Any CPU = Debug|Any CPU
		Release|Any CPU = Release|Any CPU
	EndGlobalSection
	GlobalSection(ProjectConfigurationPlatforms) = postSolution
		{50471126-F007-4CB9-81C4-91B9FA0A9746}.Debug|Any CPU.ActiveCfg = Debug|Any CPU
		{50471126-F007-4CB9-81C4-91B9FA0A9746}.Debug|Any CPU.Build.0 = Debug|Any CPU
		{50471126-F007-4CB9-81C4-91B9FA0A9746}.Release|Any CPU.ActiveCfg = Release|Any CPU
		{50471126-F007-4CB9-81C4-91B9FA0A9746}.Release|Any CPU.Build.0 = Release|Any CPU
		{013AE25C-D550-4A60-A4C2-6CE7760F50B5}.Debug|Any CPU.ActiveCfg = Debug|Any CPU
		{013AE25C-D550-4A60-A4C2-6CE7760F50B5}.Debug|Any CPU.Build.0 = Debug|Any CPU
		{013AE25C-D550-4A60-A4C2-6CE7760F50B5}.Debug|Any CPU.Deploy.0 = Debug|Any CPU
		{013AE25C-D550-4A60-A4C2-6CE7760F50B5}.Release|Any CPU.ActiveCfg = Release|Any CPU
		{013AE25C-D550-4A60-A4C2-6CE7760F50B5}.Release|Any CPU.Build.0 = Release|Any CPU
		{013AE25C-D550-4A60-A4C2-6CE7760F50B5}.Release|Any CPU.Deploy.0 = Release|Any CPU
	EndGlobalSection
	GlobalSection(SolutionProperties) = preSolution
		HideSolutionNode = FALSE
	EndGlobalSection
	GlobalSection(ExtensibilityGlobals) = postSolution
		SolutionGuid = {81F6B18E-B323-4259-B26C-1096BFCDA196}
	EndGlobalSection
EndGlobal
