Microsoft Visual Studio Solution File, Format Version 12.00
# Visual Studio Version 17
VisualStudioVersion = 17.5.2.0
MinimumVisualStudioVersion = 10.0.40219.1
Project("{FAE04EC0-301F-11D3-BF4B-00C04F79EFBC}") = "Grid_PostgreSQL_Custom.Server", "Grid_PostgreSQL_Custom.Server\Grid_PostgreSQL_Custom.Server.csproj", "{24168094-14EC-EFAD-EC4E-0E41CE410940}"
EndProject
Global
	GlobalSection(SolutionConfigurationPlatforms) = preSolution
		Debug|Any CPU = Debug|Any CPU
		Release|Any CPU = Release|Any CPU
	EndGlobalSection
	GlobalSection(ProjectConfigurationPlatforms) = postSolution
		{24168094-14EC-EFAD-EC4E-0E41CE410940}.Debug|Any CPU.ActiveCfg = Debug|Any CPU
		{24168094-14EC-EFAD-EC4E-0E41CE410940}.Debug|Any CPU.Build.0 = Debug|Any CPU
		{24168094-14EC-EFAD-EC4E-0E41CE410940}.Release|Any CPU.ActiveCfg = Release|Any CPU
		{24168094-14EC-EFAD-EC4E-0E41CE410940}.Release|Any CPU.Build.0 = Release|Any CPU
	EndGlobalSection
	GlobalSection(SolutionProperties) = preSolution
		HideSolutionNode = FALSE
	EndGlobalSection
	GlobalSection(ExtensibilityGlobals) = postSolution
		SolutionGuid = {D55275EF-AE8C-4774-AF29-5DA2A2BA7235}
	EndGlobalSection
EndGlobal
