
Microsoft Visual Studio Solution File, Format Version 12.00
# Visual Studio Version 17
VisualStudioVersion = 17.10.35027.167
MinimumVisualStudioVersion = 10.0.40219.1
Project("{FAE04EC0-301F-11D3-BF4B-00C04F79EFBC}") = "Grid_EntityFramework.Server", "Grid_EntityFramework.Server\Grid_EntityFramework.Server.csproj", "{7ECB1A0E-E52A-4224-B57D-8171D9258188}"
EndProject
Project("{54A90642-561A-4BB1-A94E-469ADEE60C69}") = "grid_entityframework.client", "grid_entityframework.client\grid_entityframework.client.esproj", "{B71B16C2-28F9-47FF-A96E-B9738D2847A5}"
EndProject
Global
	GlobalSection(SolutionConfigurationPlatforms) = preSolution
		Debug|Any CPU = Debug|Any CPU
		Release|Any CPU = Release|Any CPU
	EndGlobalSection
	GlobalSection(ProjectConfigurationPlatforms) = postSolution
		{7ECB1A0E-E52A-4224-B57D-8171D9258188}.Debug|Any CPU.ActiveCfg = Debug|Any CPU
		{7ECB1A0E-E52A-4224-B57D-8171D9258188}.Debug|Any CPU.Build.0 = Debug|Any CPU
		{7ECB1A0E-E52A-4224-B57D-8171D9258188}.Release|Any CPU.ActiveCfg = Release|Any CPU
		{7ECB1A0E-E52A-4224-B57D-8171D9258188}.Release|Any CPU.Build.0 = Release|Any CPU
		{B71B16C2-28F9-47FF-A96E-B9738D2847A5}.Debug|Any CPU.ActiveCfg = Debug|Any CPU
		{B71B16C2-28F9-47FF-A96E-B9738D2847A5}.Debug|Any CPU.Build.0 = Debug|Any CPU
		{B71B16C2-28F9-47FF-A96E-B9738D2847A5}.Debug|Any CPU.Deploy.0 = Debug|Any CPU
		{B71B16C2-28F9-47FF-A96E-B9738D2847A5}.Release|Any CPU.ActiveCfg = Release|Any CPU
		{B71B16C2-28F9-47FF-A96E-B9738D2847A5}.Release|Any CPU.Build.0 = Release|Any CPU
		{B71B16C2-28F9-47FF-A96E-B9738D2847A5}.Release|Any CPU.Deploy.0 = Release|Any CPU
	EndGlobalSection
	GlobalSection(SolutionProperties) = preSolution
		HideSolutionNode = FALSE
	EndGlobalSection
	GlobalSection(ExtensibilityGlobals) = postSolution
		SolutionGuid = {BEC052C5-DA9F-46F0-94CF-19C75F8BDDEA}
	EndGlobalSection
EndGlobal
