
Microsoft Visual Studio Solution File, Format Version 12.00
# Visual Studio Version 17
VisualStudioVersion = 17.10.35027.167
MinimumVisualStudioVersion = 10.0.40219.1
Project("{FAE04EC0-301F-11D3-BF4B-00C04F79EFBC}") = "Grid_Dapper_CustomAdaptor.Server", "Grid_Dapper_CustomAdaptor.Server\Grid_Dapper_CustomAdaptor.Server.csproj", "{D98B4ACB-724F-482C-8C45-023E828950D4}"
EndProject
Project("{54A90642-561A-4BB1-A94E-469ADEE60C69}") = "grid_dapper_customadaptor.client", "grid_dapper_customadaptor.client\grid_dapper_customadaptor.client.esproj", "{6B651CF2-E3E6-48D7-9488-F0A9E40F22BD}"
EndProject
Global
	GlobalSection(SolutionConfigurationPlatforms) = preSolution
		Debug|Any CPU = Debug|Any CPU
		Release|Any CPU = Release|Any CPU
	EndGlobalSection
	GlobalSection(ProjectConfigurationPlatforms) = postSolution
		{D98B4ACB-724F-482C-8C45-023E828950D4}.Debug|Any CPU.ActiveCfg = Debug|Any CPU
		{D98B4ACB-724F-482C-8C45-023E828950D4}.Debug|Any CPU.Build.0 = Debug|Any CPU
		{D98B4ACB-724F-482C-8C45-023E828950D4}.Release|Any CPU.ActiveCfg = Release|Any CPU
		{D98B4ACB-724F-482C-8C45-023E828950D4}.Release|Any CPU.Build.0 = Release|Any CPU
		{6B651CF2-E3E6-48D7-9488-F0A9E40F22BD}.Debug|Any CPU.ActiveCfg = Debug|Any CPU
		{6B651CF2-E3E6-48D7-9488-F0A9E40F22BD}.Debug|Any CPU.Build.0 = Debug|Any CPU
		{6B651CF2-E3E6-48D7-9488-F0A9E40F22BD}.Debug|Any CPU.Deploy.0 = Debug|Any CPU
		{6B651CF2-E3E6-48D7-9488-F0A9E40F22BD}.Release|Any CPU.ActiveCfg = Release|Any CPU
		{6B651CF2-E3E6-48D7-9488-F0A9E40F22BD}.Release|Any CPU.Build.0 = Release|Any CPU
		{6B651CF2-E3E6-48D7-9488-F0A9E40F22BD}.Release|Any CPU.Deploy.0 = Release|Any CPU
	EndGlobalSection
	GlobalSection(SolutionProperties) = preSolution
		HideSolutionNode = FALSE
	EndGlobalSection
	GlobalSection(ExtensibilityGlobals) = postSolution
		SolutionGuid = {145D441A-315C-4D5C-8F2D-3A9164321978}
	EndGlobalSection
EndGlobal
